// !$*UTF8*$!
{
	archiveVersion = 1;
	classes = {
	};
	objectVersion = 46;
	objects = {

/* Begin PBXFileReference section */
		20732E5217838AE10013B876 /* blocks.h */ = {isa = PBXFileReference; fileEncoding = 4; lastKnownFileType = sourcecode.c.h; path = blocks.h; sourceTree = "<group>"; };
		20732E5317838AE10013B876 /* entities.h */ = {isa = PBXFileReference; fileEncoding = 4; lastKnownFileType = sourcecode.c.h; path = entities.h; sourceTree = "<group>"; };
		20732E5417838AE10013B876 /* entities2elements.h */ = {isa = PBXFileReference; fileEncoding = 4; lastKnownFileType = sourcecode.c.h; path = entities2elements.h; sourceTree = "<group>"; };
		20732E5517838AE10013B876 /* read_dxf.h */ = {isa = PBXFileReference; fileEncoding = 4; lastKnownFileType = sourcecode.c.h; path = read_dxf.h; sourceTree = "<group>"; };
		20732E5617838AE10013B876 /* tables.h */ = {isa = PBXFileReference; fileEncoding = 4; lastKnownFileType = sourcecode.c.h; path = tables.h; sourceTree = "<group>"; };
		20732E5717838AE10013B876 /* tables2svg_info.h */ = {isa = PBXFileReference; fileEncoding = 4; lastKnownFileType = sourcecode.c.h; path = tables2svg_info.h; sourceTree = "<group>"; };
		20732E5817838AE10013B876 /* aci2rgb.cpp */ = {isa = PBXFileReference; fileEncoding = 4; lastKnownFileType = sourcecode.cpp.cpp; path = aci2rgb.cpp; sourceTree = "<group>"; };
		20732E5917838AE10013B876 /* blocks.cpp */ = {isa = PBXFileReference; fileEncoding = 4; lastKnownFileType = sourcecode.cpp.cpp; path = blocks.cpp; sourceTree = "<group>"; };
		20732E5A17838AE10013B876 /* dxf2svg.cpp */ = {isa = PBXFileReference; fileEncoding = 4; lastKnownFileType = sourcecode.cpp.cpp; path = dxf2svg.cpp; sourceTree = "<group>"; };
		20732E5B17838AE10013B876 /* entities.cpp */ = {isa = PBXFileReference; fileEncoding = 4; lastKnownFileType = sourcecode.cpp.cpp; path = entities.cpp; sourceTree = "<group>"; };
		20732E5C17838AE10013B876 /* entities2elements.cpp */ = {isa = PBXFileReference; fileEncoding = 4; lastKnownFileType = sourcecode.cpp.cpp; path = entities2elements.cpp; sourceTree = "<group>"; };
		20732E5D17838AE10013B876 /* read_dxf.cpp */ = {isa = PBXFileReference; fileEncoding = 4; lastKnownFileType = sourcecode.cpp.cpp; path = read_dxf.cpp; sourceTree = "<group>"; };
		20732E5E17838AE10013B876 /* tables.cpp */ = {isa = PBXFileReference; fileEncoding = 4; lastKnownFileType = sourcecode.cpp.cpp; path = tables.cpp; sourceTree = "<group>"; };
		20732E5F17838AE10013B876 /* tables2svg_info.cpp */ = {isa = PBXFileReference; fileEncoding = 4; lastKnownFileType = sourcecode.cpp.cpp; path = tables2svg_info.cpp; sourceTree = "<group>"; };
		20732E6017838AE10013B876 /* test_dxf.cpp */ = {isa = PBXFileReference; fileEncoding = 4; lastKnownFileType = sourcecode.cpp.cpp; path = test_dxf.cpp; sourceTree = "<group>"; };
/* End PBXFileReference section */

/* Begin PBXGroup section */
		20732E4717831F670013B876 = {
			isa = PBXGroup;
			children = (
				20732E5217838AE10013B876 /* blocks.h */,
				20732E5317838AE10013B876 /* entities.h */,
				20732E5417838AE10013B876 /* entities2elements.h */,
				20732E5517838AE10013B876 /* read_dxf.h */,
				20732E5617838AE10013B876 /* tables.h */,
				20732E5717838AE10013B876 /* tables2svg_info.h */,
				20732E5817838AE10013B876 /* aci2rgb.cpp */,
				20732E5917838AE10013B876 /* blocks.cpp */,
				20732E5A17838AE10013B876 /* dxf2svg.cpp */,
				20732E5B17838AE10013B876 /* entities.cpp */,
				20732E5C17838AE10013B876 /* entities2elements.cpp */,
				20732E5D17838AE10013B876 /* read_dxf.cpp */,
				20732E5E17838AE10013B876 /* tables.cpp */,
				20732E5F17838AE10013B876 /* tables2svg_info.cpp */,
				20732E6017838AE10013B876 /* test_dxf.cpp */,
			);
			sourceTree = "<group>";
		};
/* End PBXGroup section */

/* Begin PBXLegacyTarget section */
		20732E4C17831F670013B876 /* dxf2svg */ = {
			isa = PBXLegacyTarget;
			buildArgumentsString = "$(ACTION)";
			buildConfigurationList = 20732E4F17831F670013B876 /* Build configuration list for PBXLegacyTarget "dxf2svg" */;
			buildPhases = (
			);
			buildToolPath = /usr/bin/make;
			dependencies = (
			);
			name = dxf2svg;
			passBuildSettingsInEnvironment = 1;
			productName = dxf2svg;
		};
/* End PBXLegacyTarget section */

/* Begin PBXProject section */
		20732E4817831F670013B876 /* Project object */ = {
			isa = PBXProject;
			attributes = {
				LastUpgradeCheck = 0460;
				ORGANIZATIONNAME = "Matthew Duggan";
			};
			buildConfigurationList = 20732E4B17831F670013B876 /* Build configuration list for PBXProject "dxf2svg" */;
			compatibilityVersion = "Xcode 3.2";
			developmentRegion = English;
			hasScannedForEncodings = 0;
			knownRegions = (
				en,
			);
			mainGroup = 20732E4717831F670013B876;
			projectDirPath = "";
			projectRoot = "";
			targets = (
				20732E4C17831F670013B876 /* dxf2svg */,
			);
		};
/* End PBXProject section */

/* Begin XCBuildConfiguration section */
		20732E4D17831F670013B876 /* Debug */ = {
			isa = XCBuildConfiguration;
			buildSettings = {
				ALWAYS_SEARCH_USER_PATHS = NO;
				ARCHS = "$(ARCHS_STANDARD_64_BIT)";
				CLANG_CXX_LANGUAGE_STANDARD = "gnu++0x";
				CLANG_CXX_LIBRARY = "libc++";
				CLANG_WARN_CONSTANT_CONVERSION = YES;
				CLANG_WARN_EMPTY_BODY = YES;
				CLANG_WARN_ENUM_CONVERSION = YES;
				CLANG_WARN_INT_CONVERSION = YES;
				CLANG_WARN__DUPLICATE_METHOD_MATCH = YES;
				COPY_PHASE_STRIP = NO;
				GCC_C_LANGUAGE_STANDARD = gnu99;
				GCC_DYNAMIC_NO_PIC = NO;
				GCC_ENABLE_OBJC_EXCEPTIONS = YES;
				GCC_OPTIMIZATION_LEVEL = 0;
				GCC_PREPROCESSOR_DEFINITIONS = (
					"DEBUG=1",
					"$(inherited)",
				);
				GCC_SYMBOLS_PRIVATE_EXTERN = NO;
				GCC_WARN_64_TO_32_BIT_CONVERSION = YES;
				GCC_WARN_ABOUT_RETURN_TYPE = YES;
				GCC_WARN_UNINITIALIZED_AUTOS = YES;
				GCC_WARN_UNUSED_VARIABLE = YES;
				MACOSX_DEPLOYMENT_TARGET = 10.8;
				ONLY_ACTIVE_ARCH = YES;
				SDKROOT = macosx;
			};
			name = Debug;
		};
		20732E4E17831F670013B876 /* Release */ = {
			isa = XCBuildConfiguration;
			buildSettings = {
				ALWAYS_SEARCH_USER_PATHS = NO;
				ARCHS = "$(ARCHS_STANDARD_64_BIT)";
				CLANG_CXX_LANGUAGE_STANDARD = "gnu++0x";
				CLANG_CXX_LIBRARY = "libc++";
				CLANG_WARN_CONSTANT_CONVERSION = YES;
				CLANG_WARN_EMPTY_BODY = YES;
				CLANG_WARN_ENUM_CONVERSION = YES;
				CLANG_WARN_INT_CONVERSION = YES;
				CLANG_WARN__DUPLICATE_METHOD_MATCH = YES;
				COPY_PHASE_STRIP = YES;
				DEBUG_INFORMATION_FORMAT = "dwarf-with-dsym";
				GCC_C_LANGUAGE_STANDARD = gnu99;
				GCC_ENABLE_OBJC_EXCEPTIONS = YES;
				GCC_WARN_64_TO_32_BIT_CONVERSION = YES;
				GCC_WARN_ABOUT_RETURN_TYPE = YES;
				GCC_WARN_UNINITIALIZED_AUTOS = YES;
				GCC_WARN_UNUSED_VARIABLE = YES;
				MACOSX_DEPLOYMENT_TARGET = 10.8;
				SDKROOT = macosx;
			};
			name = Release;
		};
		20732E5017831F670013B876 /* Debug */ = {
			isa = XCBuildConfiguration;
			buildSettings = {
				DEBUGGING_SYMBOLS = YES;
				GCC_GENERATE_DEBUGGING_SYMBOLS = YES;
				GCC_OPTIMIZATION_LEVEL = 0;
				OTHER_CFLAGS = "";
				OTHER_LDFLAGS = "";
				PRODUCT_NAME = "$(TARGET_NAME)";
			};
			name = Debug;
		};
		20732E5117831F670013B876 /* Release */ = {
			isa = XCBuildConfiguration;
			buildSettings = {
				OTHER_CFLAGS = "";
				OTHER_LDFLAGS = "";
				PRODUCT_NAME = "$(TARGET_NAME)";
			};
			name = Release;
		};
/* End XCBuildConfiguration section */

/* Begin XCConfigurationList section */
		20732E4B17831F670013B876 /* Build configuration list for PBXProject "dxf2svg" */ = {
			isa = XCConfigurationList;
			buildConfigurations = (
				20732E4D17831F670013B876 /* Debug */,
				20732E4E17831F670013B876 /* Release */,
			);
			defaultConfigurationIsVisible = 0;
			defaultConfigurationName = Release;
		};
		20732E4F17831F670013B876 /* Build configuration list for PBXLegacyTarget "dxf2svg" */ = {
			isa = XCConfigurationList;
			buildConfigurations = (
				20732E5017831F670013B876 /* Debug */,
				20732E5117831F670013B876 /* Release */,
			);
			defaultConfigurationIsVisible = 0;
			defaultConfigurationName = Release;
		};
/* End XCConfigurationList section */
	};
	rootObject = 20732E4817831F670013B876 /* Project object */;
}
